// !$*UTF8*$!
{
	archiveVersion = 1;
	classes = {
	};
	objectVersion = 56;
	objects = {

/* Begin PBXBuildFile section */
		8F26C7AB2B4D3BB00037D6A9 /* AppDelegate.swift in Sources */ = {isa = PBXBuildFile; fileRef = 8F26C7AA2B4D3BB00037D6A9 /* AppDelegate.swift */; };
		8F26C7AD2B4D3BB00037D6A9 /* SceneDelegate.swift in Sources */ = {isa = PBXBuildFile; fileRef = 8F26C7AC2B4D3BB00037D6A9 /* SceneDelegate.swift */; };
		8F26C7AF2B4D3BB00037D6A9 /* MainViewController.swift in Sources */ = {isa = PBXBuildFile; fileRef = 8F26C7AE2B4D3BB00037D6A9 /* MainViewController.swift */; };
		8F26C7B52B4D3BB00037D6A9 /* HappyPointClone.xcdatamodeld in Sources */ = {isa = PBXBuildFile; fileRef = 8F26C7B32B4D3BB00037D6A9 /* HappyPointClone.xcdatamodeld */; };
		8F26C7B72B4D3BB10037D6A9 /* Assets.xcassets in Resources */ = {isa = PBXBuildFile; fileRef = 8F26C7B62B4D3BB10037D6A9 /* Assets.xcassets */; };
		8F26C7BA2B4D3BB10037D6A9 /* LaunchScreen.storyboard in Resources */ = {isa = PBXBuildFile; fileRef = 8F26C7B82B4D3BB10037D6A9 /* LaunchScreen.storyboard */; };
		8F65B0572B70FF2B00AB0138 /* BannerCollectionViewCell.swift in Sources */ = {isa = PBXBuildFile; fileRef = 8F65B0552B70FF2B00AB0138 /* BannerCollectionViewCell.swift */; };
		8F65B0582B70FF2B00AB0138 /* BannerCollectionViewCell.xib in Resources */ = {isa = PBXBuildFile; fileRef = 8F65B0562B70FF2B00AB0138 /* BannerCollectionViewCell.xib */; };
/* End PBXBuildFile section */

/* Begin PBXFileReference section */
		8F26C7A72B4D3BB00037D6A9 /* HappyPointClone.app */ = {isa = PBXFileReference; explicitFileType = wrapper.application; includeInIndex = 0; path = HappyPointClone.app; sourceTree = BUILT_PRODUCTS_DIR; };
		8F26C7AA2B4D3BB00037D6A9 /* AppDelegate.swift */ = {isa = PBXFileReference; lastKnownFileType = sourcecode.swift; path = AppDelegate.swift; sourceTree = "<group>"; };
		8F26C7AC2B4D3BB00037D6A9 /* SceneDelegate.swift */ = {isa = PBXFileReference; lastKnownFileType = sourcecode.swift; path = SceneDelegate.swift; sourceTree = "<group>"; };
		8F26C7AE2B4D3BB00037D6A9 /* MainViewController.swift */ = {isa = PBXFileReference; lastKnownFileType = sourcecode.swift; path = MainViewController.swift; sourceTree = "<group>"; };
		8F26C7B42B4D3BB00037D6A9 /* HappyPointClone.xcdatamodel */ = {isa = PBXFileReference; lastKnownFileType = wrapper.xcdatamodel; path = HappyPointClone.xcdatamodel; sourceTree = "<group>"; };
		8F26C7B62B4D3BB10037D6A9 /* Assets.xcassets */ = {isa = PBXFileReference; lastKnownFileType = folder.assetcatalog; path = Assets.xcassets; sourceTree = "<group>"; };
		8F26C7B92B4D3BB10037D6A9 /* Base */ = {isa = PBXFileReference; lastKnownFileType = file.storyboard; name = Base; path = Base.lproj/LaunchScreen.storyboard; sourceTree = "<group>"; };
		8F26C7BB2B4D3BB10037D6A9 /* Info.plist */ = {isa = PBXFileReference; lastKnownFileType = text.plist.xml; path = Info.plist; sourceTree = "<group>"; };
		8F65B0552B70FF2B00AB0138 /* BannerCollectionViewCell.swift */ = {isa = PBXFileReference; lastKnownFileType = sourcecode.swift; path = BannerCollectionViewCell.swift; sourceTree = "<group>"; };
		8F65B0562B70FF2B00AB0138 /* BannerCollectionViewCell.xib */ = {isa = PBXFileReference; lastKnownFileType = file.xib; path = BannerCollectionViewCell.xib; sourceTree = "<group>"; };
/* End PBXFileReference section */

/* Begin PBXFrameworksBuildPhase section */
		8F26C7A42B4D3BB00037D6A9 /* Frameworks */ = {
			isa = PBXFrameworksBuildPhase;
			buildActionMask = 2147483647;
			files = (
			);
			runOnlyForDeploymentPostprocessing = 0;
		};
/* End PBXFrameworksBuildPhase section */

/* Begin PBXGroup section */
		8F26C79E2B4D3BB00037D6A9 = {
			isa = PBXGroup;
			children = (
				8F26C7A92B4D3BB00037D6A9 /* HappyPointClone */,
				8F26C7A82B4D3BB00037D6A9 /* Products */,
			);
			sourceTree = "<group>";
		};
		8F26C7A82B4D3BB00037D6A9 /* Products */ = {
			isa = PBXGroup;
			children = (
				8F26C7A72B4D3BB00037D6A9 /* HappyPointClone.app */,
			);
			name = Products;
			sourceTree = "<group>";
		};
		8F26C7A92B4D3BB00037D6A9 /* HappyPointClone */ = {
			isa = PBXGroup;
			children = (
				8F26C7AA2B4D3BB00037D6A9 /* AppDelegate.swift */,
				8F26C7AC2B4D3BB00037D6A9 /* SceneDelegate.swift */,
				8F26C7AE2B4D3BB00037D6A9 /* MainViewController.swift */,
				8F26C7B62B4D3BB10037D6A9 /* Assets.xcassets */,
				8F26C7B82B4D3BB10037D6A9 /* LaunchScreen.storyboard */,
				8F26C7BB2B4D3BB10037D6A9 /* Info.plist */,
				8F26C7B32B4D3BB00037D6A9 /* HappyPointClone.xcdatamodeld */,
				8F65B0552B70FF2B00AB0138 /* BannerCollectionViewCell.swift */,
				8F65B0562B70FF2B00AB0138 /* BannerCollectionViewCell.xib */,
			);
			path = HappyPointClone;
			sourceTree = "<group>";
		};
/* End PBXGroup section */

/* Begin PBXNativeTarget section */
		8F26C7A62B4D3BB00037D6A9 /* HappyPointClone */ = {
			isa = PBXNativeTarget;
			buildConfigurationList = 8F26C7BE2B4D3BB10037D6A9 /* Build configuration list for PBXNativeTarget "HappyPointClone" */;
			buildPhases = (
				8F26C7A32B4D3BB00037D6A9 /* Sources */,
				8F26C7A42B4D3BB00037D6A9 /* Frameworks */,
				8F26C7A52B4D3BB00037D6A9 /* Resources */,
			);
			buildRules = (
			);
			dependencies = (
			);
			name = HappyPointClone;
			productName = HappyPointClone;
			productReference = 8F26C7A72B4D3BB00037D6A9 /* HappyPointClone.app */;
			productType = "com.apple.product-type.application";
		};
/* End PBXNativeTarget section */

/* Begin PBXProject section */
		8F26C79F2B4D3BB00037D6A9 /* Project object */ = {
			isa = PBXProject;
			attributes = {
				BuildIndependentTargetsInParallel = 1;
				LastSwiftUpdateCheck = 1500;
				LastUpgradeCheck = 1500;
				TargetAttributes = {
					8F26C7A62B4D3BB00037D6A9 = {
						CreatedOnToolsVersion = 15.0.1;
					};
				};
			};
			buildConfigurationList = 8F26C7A22B4D3BB00037D6A9 /* Build configuration list for PBXProject "HappyPointClone" */;
			compatibilityVersion = "Xcode 14.0";
			developmentRegion = en;
			hasScannedForEncodings = 0;
			knownRegions = (
				en,
				Base,
			);
			mainGroup = 8F26C79E2B4D3BB00037D6A9;
			productRefGroup = 8F26C7A82B4D3BB00037D6A9 /* Products */;
			projectDirPath = "";
			projectRoot = "";
			targets = (
				8F26C7A62B4D3BB00037D6A9 /* HappyPointClone */,
			);
		};
/* End PBXProject section */

/* Begin PBXResourcesBuildPhase section */
		8F26C7A52B4D3BB00037D6A9 /* Resources */ = {
			isa = PBXResourcesBuildPhase;
			buildActionMask = 2147483647;
			files = (
				8F26C7BA2B4D3BB10037D6A9 /* LaunchScreen.storyboard in Resources */,
				8F65B0582B70FF2B00AB0138 /* BannerCollectionViewCell.xib in Resources */,
				8F26C7B72B4D3BB10037D6A9 /* Assets.xcassets in Resources */,
			);
			runOnlyForDeploymentPostprocessing = 0;
		};
/* End PBXResourcesBuildPhase section */

/* Begin PBXSourcesBuildPhase section */
		8F26C7A32B4D3BB00037D6A9 /* Sources */ = {
			isa = PBXSourcesBuildPhase;
			buildActionMask = 2147483647;
			files = (
				8F65B0572B70FF2B00AB0138 /* BannerCollectionViewCell.swift in Sources */,
				8F26C7AF2B4D3BB00037D6A9 /* MainViewController.swift in Sources */,
				8F26C7B52B4D3BB00037D6A9 /* HappyPointClone.xcdatamodeld in Sources */,
				8F26C7AB2B4D3BB00037D6A9 /* AppDelegate.swift in Sources */,
				8F26C7AD2B4D3BB00037D6A9 /* SceneDelegate.swift in Sources */,
			);
			runOnlyForDeploymentPostprocessing = 0;
		};
/* End PBXSourcesBuildPhase section */

/* Begin PBXVariantGroup section */
		8F26C7B82B4D3BB10037D6A9 /* LaunchScreen.storyboard */ = {
			isa = PBXVariantGroup;
			children = (
				8F26C7B92B4D3BB10037D6A9 /* Base */,
			);
			name = LaunchScreen.storyboard;
			sourceTree = "<group>";
		};
/* End PBXVariantGroup section */

/* Begin XCBuildConfiguration section */
		8F26C7BC2B4D3BB10037D6A9 /* Debug */ = {
			isa = XCBuildConfiguration;
			buildSettings = {
				ALWAYS_SEARCH_USER_PATHS = NO;
				ASSETCATALOG_COMPILER_GENERATE_SWIFT_ASSET_SYMBOL_EXTENSIONS = YES;
				CLANG_ANALYZER_NONNULL = YES;
				CLANG_ANALYZER_NUMBER_OBJECT_CONVERSION = YES_AGGRESSIVE;
				CLANG_CXX_LANGUAGE_STANDARD = "gnu++20";
				CLANG_ENABLE_MODULES = YES;
				CLANG_ENABLE_OBJC_ARC = YES;
				CLANG_ENABLE_OBJC_WEAK = YES;
				CLANG_WARN_BLOCK_CAPTURE_AUTORELEASING = YES;
				CLANG_WARN_BOOL_CONVERSION = YES;
				CLANG_WARN_COMMA = YES;
				CLANG_WARN_CONSTANT_CONVERSION = YES;
				CLANG_WARN_DEPRECATED_OBJC_IMPLEMENTATIONS = YES;
				CLANG_WARN_DIRECT_OBJC_ISA_USAGE = YES_ERROR;
				CLANG_WARN_DOCUMENTATION_COMMENTS = YES;
				CLANG_WARN_EMPTY_BODY = YES;
				CLANG_WARN_ENUM_CONVERSION = YES;
				CLANG_WARN_INFINITE_RECURSION = YES;
				CLANG_WARN_INT_CONVERSION = YES;
				CLANG_WARN_NON_LITERAL_NULL_CONVERSION = YES;
				CLANG_WARN_OBJC_IMPLICIT_RETAIN_SELF = YES;
				CLANG_WARN_OBJC_LITERAL_CONVERSION = YES;
				CLANG_WARN_OBJC_ROOT_CLASS = YES_ERROR;
				CLANG_WARN_QUOTED_INCLUDE_IN_FRAMEWORK_HEADER = YES;
				CLANG_WARN_RANGE_LOOP_ANALYSIS = YES;
				CLANG_WARN_STRICT_PROTOTYPES = YES;
				CLANG_WARN_SUSPICIOUS_MOVE = YES;
				CLANG_WARN_UNGUARDED_AVAILABILITY = YES_AGGRESSIVE;
				CLANG_WARN_UNREACHABLE_CODE = YES;
				CLANG_WARN__DUPLICATE_METHOD_MATCH = YES;
				COPY_PHASE_STRIP = NO;
				DEBUG_INFORMATION_FORMAT = dwarf;
				ENABLE_STRICT_OBJC_MSGSEND = YES;
				ENABLE_TESTABILITY = YES;
				ENABLE_USER_SCRIPT_SANDBOXING = YES;
				GCC_C_LANGUAGE_STANDARD = gnu17;
				GCC_DYNAMIC_NO_PIC = NO;
				GCC_NO_COMMON_BLOCKS = YES;
				GCC_OPTIMIZATION_LEVEL = 0;
				GCC_PREPROCESSOR_DEFINITIONS = (
					"DEBUG=1",
					"$(inherited)",
				);
				GCC_WARN_64_TO_32_BIT_CONVERSION = YES;
				GCC_WARN_ABOUT_RETURN_TYPE = YES_ERROR;
				GCC_WARN_UNDECLARED_SELECTOR = YES;
				GCC_WARN_UNINITIALIZED_AUTOS = YES_AGGRESSIVE;
				GCC_WARN_UNUSED_FUNCTION = YES;
				GCC_WARN_UNUSED_VARIABLE = YES;
				IPHONEOS_DEPLOYMENT_TARGET = 17.0;
				LOCALIZATION_PREFERS_STRING_CATALOGS = YES;
				MTL_ENABLE_DEBUG_INFO = INCLUDE_SOURCE;
				MTL_FAST_MATH = YES;
				ONLY_ACTIVE_ARCH = YES;
				SDKROOT = iphoneos;
				SWIFT_ACTIVE_COMPILATION_CONDITIONS = "DEBUG $(inherited)";
				SWIFT_OPTIMIZATION_LEVEL = "-Onone";
			};
			name = Debug;
		};
		8F26C7BD2B4D3BB10037D6A9 /* Release */ = {
			isa = XCBuildConfiguration;
			buildSettings = {
				ALWAYS_SEARCH_USER_PATHS = NO;
				ASSETCATALOG_COMPILER_GENERATE_SWIFT_ASSET_SYMBOL_EXTENSIONS = YES;
				CLANG_ANALYZER_NONNULL = YES;
				CLANG_ANALYZER_NUMBER_OBJECT_CONVERSION = YES_AGGRESSIVE;
				CLANG_CXX_LANGUAGE_STANDARD = "gnu++20";
				CLANG_ENABLE_MODULES = YES;
				CLANG_ENABLE_OBJC_ARC = YES;
				CLANG_ENABLE_OBJC_WEAK = YES;
				CLANG_WARN_BLOCK_CAPTURE_AUTORELEASING = YES;
				CLANG_WARN_BOOL_CONVERSION = YES;
				CLANG_WARN_COMMA = YES;
				CLANG_WARN_CONSTANT_CONVERSION = YES;
				CLANG_WARN_DEPRECATED_OBJC_IMPLEMENTATIONS = YES;
				CLANG_WARN_DIRECT_OBJC_ISA_USAGE = YES_ERROR;
				CLANG_WARN_DOCUMENTATION_COMMENTS = YES;
				CLANG_WARN_EMPTY_BODY = YES;
				CLANG_WARN_ENUM_CONVERSION = YES;
				CLANG_WARN_INFINITE_RECURSION = YES;
				CLANG_WARN_INT_CONVERSION = YES;
				CLANG_WARN_NON_LITERAL_NULL_CONVERSION = YES;
				CLANG_WARN_OBJC_IMPLICIT_RETAIN_SELF = YES;
				CLANG_WARN_OBJC_LITERAL_CONVERSION = YES;
				CLANG_WARN_OBJC_ROOT_CLASS = YES_ERROR;
				CLANG_WARN_QUOTED_INCLUDE_IN_FRAMEWORK_HEADER = YES;
				CLANG_WARN_RANGE_LOOP_ANALYSIS = YES;
				CLANG_WARN_STRICT_PROTOTYPES = YES;
				CLANG_WARN_SUSPICIOUS_MOVE = YES;
				CLANG_WARN_UNGUARDED_AVAILABILITY = YES_AGGRESSIVE;
				CLANG_WARN_UNREACHABLE_CODE = YES;
				CLANG_WARN__DUPLICATE_METHOD_MATCH = YES;
				COPY_PHASE_STRIP = NO;
				DEBUG_INFORMATION_FORMAT = "dwarf-with-dsym";
				ENABLE_NS_ASSERTIONS = NO;
				ENABLE_STRICT_OBJC_MSGSEND = YES;
				ENABLE_USER_SCRIPT_SANDBOXING = YES;
				GCC_C_LANGUAGE_STANDARD = gnu17;
				GCC_NO_COMMON_BLOCKS = YES;
				GCC_WARN_64_TO_32_BIT_CONVERSION = YES;
				GCC_WARN_ABOUT_RETURN_TYPE = YES_ERROR;
				GCC_WARN_UNDECLARED_SELECTOR = YES;
				GCC_WARN_UNINITIALIZED_AUTOS = YES_AGGRESSIVE;
				GCC_WARN_UNUSED_FUNCTION = YES;
				GCC_WARN_UNUSED_VARIABLE = YES;
				IPHONEOS_DEPLOYMENT_TARGET = 17.0;
				LOCALIZATION_PREFERS_STRING_CATALOGS = YES;
				MTL_ENABLE_DEBUG_INFO = NO;
				MTL_FAST_MATH = YES;
				SDKROOT = iphoneos;
				SWIFT_COMPILATION_MODE = wholemodule;
				VALIDATE_PRODUCT = YES;
			};
			name = Release;
		};
		8F26C7BF2B4D3BB10037D6A9 /* Debug */ = {
			isa = XCBuildConfiguration;
			buildSettings = {
				ASSETCATALOG_COMPILER_APPICON_NAME = AppIcon;
				ASSETCATALOG_COMPILER_GLOBAL_ACCENT_COLOR_NAME = AccentColor;
				CODE_SIGN_STYLE = Automatic;
				CURRENT_PROJECT_VERSION = 1;
				DEVELOPMENT_TEAM = H5CH2SK77M;
				GENERATE_INFOPLIST_FILE = YES;
				INFOPLIST_FILE = HappyPointClone/Info.plist;
				INFOPLIST_KEY_UIApplicationSupportsIndirectInputEvents = YES;
				INFOPLIST_KEY_UILaunchStoryboardName = LaunchScreen;
				INFOPLIST_KEY_UISupportedInterfaceOrientations_iPad = "UIInterfaceOrientationPortrait UIInterfaceOrientationPortraitUpsideDown UIInterfaceOrientationLandscapeLeft UIInterfaceOrientationLandscapeRight";
				INFOPLIST_KEY_UISupportedInterfaceOrientations_iPhone = "UIInterfaceOrientationPortrait UIInterfaceOrientationLandscapeLeft UIInterfaceOrientationLandscapeRight";
				LD_RUNPATH_SEARCH_PATHS = (
					"$(inherited)",
					"@executable_path/Frameworks",
				);
				MARKETING_VERSION = 1.0;
				PRODUCT_BUNDLE_IDENTIFIER = WonDongHyun.HappyPointClone;
				PRODUCT_NAME = "$(TARGET_NAME)";
				SWIFT_EMIT_LOC_STRINGS = YES;
				SWIFT_VERSION = 5.0;
				TARGETED_DEVICE_FAMILY = "1,2";
			};
			name = Debug;
		};
		8F26C7C02B4D3BB10037D6A9 /* Release */ = {
			isa = XCBuildConfiguration;
			buildSettings = {
				ASSETCATALOG_COMPILER_APPICON_NAME = AppIcon;
				ASSETCATALOG_COMPILER_GLOBAL_ACCENT_COLOR_NAME = AccentColor;
				CODE_SIGN_STYLE = Automatic;
				CURRENT_PROJECT_VERSION = 1;
				DEVELOPMENT_TEAM = H5CH2SK77M;
				GENERATE_INFOPLIST_FILE = YES;
				INFOPLIST_FILE = HappyPointClone/Info.plist;
				INFOPLIST_KEY_UIApplicationSupportsIndirectInputEvents = YES;
				INFOPLIST_KEY_UILaunchStoryboardName = LaunchScreen;
				INFOPLIST_KEY_UISupportedInterfaceOrientations_iPad = "UIInterfaceOrientationPortrait UIInterfaceOrientationPortraitUpsideDown UIInterfaceOrientationLandscapeLeft UIInterfaceOrientationLandscapeRight";
				INFOPLIST_KEY_UISupportedInterfaceOrientations_iPhone = "UIInterfaceOrientationPortrait UIInterfaceOrientationLandscapeLeft UIInterfaceOrientationLandscapeRight";
				LD_RUNPATH_SEARCH_PATHS = (
					"$(inherited)",
					"@executable_path/Frameworks",
				);
				MARKETING_VERSION = 1.0;
				PRODUCT_BUNDLE_IDENTIFIER = WonDongHyun.HappyPointClone;
				PRODUCT_NAME = "$(TARGET_NAME)";
				SWIFT_EMIT_LOC_STRINGS = YES;
				SWIFT_VERSION = 5.0;
				TARGETED_DEVICE_FAMILY = "1,2";
			};
			name = Release;
		};
/* End XCBuildConfiguration section */

/* Begin XCConfigurationList section */
		8F26C7A22B4D3BB00037D6A9 /* Build configuration list for PBXProject "HappyPointClone" */ = {
			isa = XCConfigurationList;
			buildConfigurations = (
				8F26C7BC2B4D3BB10037D6A9 /* Debug */,
				8F26C7BD2B4D3BB10037D6A9 /* Release */,
			);
			defaultConfigurationIsVisible = 0;
			defaultConfigurationName = Release;
		};
		8F26C7BE2B4D3BB10037D6A9 /* Build configuration list for PBXNativeTarget "HappyPointClone" */ = {
			isa = XCConfigurationList;
			buildConfigurations = (
				8F26C7BF2B4D3BB10037D6A9 /* Debug */,
				8F26C7C02B4D3BB10037D6A9 /* Release */,
			);
			defaultConfigurationIsVisible = 0;
			defaultConfigurationName = Release;
		};
/* End XCConfigurationList section */

/* Begin XCVersionGroup section */
		8F26C7B32B4D3BB00037D6A9 /* HappyPointClone.xcdatamodeld */ = {
			isa = XCVersionGroup;
			children = (
				8F26C7B42B4D3BB00037D6A9 /* HappyPointClone.xcdatamodel */,
			);
			currentVersion = 8F26C7B42B4D3BB00037D6A9 /* HappyPointClone.xcdatamodel */;
			path = HappyPointClone.xcdatamodeld;
			sourceTree = "<group>";
			versionGroupType = wrapper.xcdatamodel;
		};
/* End XCVersionGroup section */
	};
	rootObject = 8F26C79F2B4D3BB00037D6A9 /* Project object */;
}
